lockfileVersion: '9.0'

settings:
  autoInstallPeers: true
  excludeLinksFromLockfile: false

importers:

  .:
    dependencies:
      module-alias:
        specifier: ^2.2.3
        version: 2.2.3

packages:

  module-alias@2.2.3:
    resolution: {integrity: sha512-23g5BFj4zdQL/b6tor7Ji+QY4pEfNH784BMslY9Qb0UnJWRAt+lQGLYmRaM0KDBwIG23ffEBELhZDP2rhi9f/Q==}

snapshots:

  module-alias@2.2.3: {}
