# This file is generated by running "yarn install" inside your project.
# Manual changes might be lost - proceed with caution!

__metadata:
  version: 8
  cacheKey: 10c0

"@edupro/types@workspace:.":
  version: 0.0.0-use.local
  resolution: "@edupro/types@workspace:."
  dependencies:
    module-alias: "npm:^2.2.3"
  languageName: unknown
  linkType: soft

"module-alias@npm:^2.2.3":
  version: 2.2.3
  resolution: "module-alias@npm:2.2.3"
  checksum: 10c0/47dc5b6d04f6e7df0ff330ca9b2a37c688a682ed661e9432b0b327e1e6c43eedad052151b8d50d6beea8b924828d2a92fa4625c18d651bf2d93d8f03aa0172fa
  languageName: node
  linkType: hard
